
Microsoft Visual Studio Solution File, Format Version 12.00
# Visual Studio Version 17
VisualStudioVersion = 17.2.32616.157
MinimumVisualStudioVersion = 10.0.40219.1
Project("{FAE04EC0-301F-11D3-BF4B-00C04F79EFBC}") = "DosyaYazdırma", "DosyaYazdırma\DosyaYazdırma.csproj", "{C853637D-6F75-422B-9EBD-E07BAA859881}"
EndProject
Global
	GlobalSection(SolutionConfigurationPlatforms) = preSolution
		Debug|Any CPU = Debug|Any CPU
		Release|Any CPU = Release|Any CPU
	EndGlobalSection
	GlobalSection(ProjectConfigurationPlatforms) = postSolution
		{C853637D-6F75-422B-9EBD-E07BAA859881}.Debug|Any CPU.ActiveCfg = Debug|Any CPU
		{C853637D-6F75-422B-9EBD-E07BAA859881}.Debug|Any CPU.Build.0 = Debug|Any CPU
		{C853637D-6F75-422B-9EBD-E07BAA859881}.Release|Any CPU.ActiveCfg = Release|Any CPU
		{C853637D-6F75-422B-9EBD-E07BAA859881}.Release|Any CPU.Build.0 = Release|Any CPU
	EndGlobalSection
	GlobalSection(SolutionProperties) = preSolution
		HideSolutionNode = FALSE
	EndGlobalSection
	GlobalSection(ExtensibilityGlobals) = postSolution
		SolutionGuid = {C0833571-A64D-48BE-80EF-44D71FB41769}
	EndGlobalSection
EndGlobal
